
Microsoft Visual Studio Solution File, Format Version 12.00
# Visual Studio Version 17
VisualStudioVersion = 17.5.33424.131
MinimumVisualStudioVersion = 10.0.40219.1
Project("{FAE04EC0-301F-11D3-BF4B-00C04F79EFBC}") = "Points", "Points\Points.csproj", "{299F1BE0-849C-4A75-8B46-285F8CF613FF}"
EndProject
Global
	GlobalSection(SolutionConfigurationPlatforms) = preSolution
		Debug|Any CPU = Debug|Any CPU
		Release|Any CPU = Release|Any CPU
	EndGlobalSection
	GlobalSection(ProjectConfigurationPlatforms) = postSolution
		{299F1BE0-849C-4A75-8B46-285F8CF613FF}.Debug|Any CPU.ActiveCfg = Debug|Any CPU
		{299F1BE0-849C-4A75-8B46-285F8CF613FF}.Debug|Any CPU.Build.0 = Debug|Any CPU
		{299F1BE0-849C-4A75-8B46-285F8CF613FF}.Release|Any CPU.ActiveCfg = Release|Any CPU
		{299F1BE0-849C-4A75-8B46-285F8CF613FF}.Release|Any CPU.Build.0 = Release|Any CPU
	EndGlobalSection
	GlobalSection(SolutionProperties) = preSolution
		HideSolutionNode = FALSE
	EndGlobalSection
	GlobalSection(ExtensibilityGlobals) = postSolution
		SolutionGuid = {B866B6C2-C285-4DEB-A56B-CFFAEFFAD77B}
	EndGlobalSection
EndGlobal
